
Microsoft Visual Studio Solution File, Format Version 12.00
# Visual Studio 15
Project("{FAE04EC0-301F-11D3-BF4B-00C04F79EFBC}") = "ThirdPersonGame_git", "Assembly-CSharp.csproj", "{3258C087-E53A-13C1-C713-49C9729C9CB2}"
EndProject
Project("{FAE04EC0-301F-11D3-BF4B-00C04F79EFBC}") = "ThirdPersonGame_git", "Assembly-CSharp-firstpass.csproj", "{58CC2D7B-FDD6-AC43-0A7B-5D934EAB1F7A}"
EndProject
Project("{FAE04EC0-301F-11D3-BF4B-00C04F79EFBC}") = "ThirdPersonGame_git", "Assembly-CSharp-Editor.csproj", "{769E9ED5-B6A2-8871-4E18-3C6403C199F4}"
EndProject
Global
	GlobalSection(SolutionConfigurationPlatforms) = preSolution
		Debug|Any CPU = Debug|Any CPU
		Release|Any CPU = Release|Any CPU
	EndGlobalSection
	GlobalSection(ProjectConfigurationPlatforms) = postSolution
		{3258C087-E53A-13C1-C713-49C9729C9CB2}.Debug|Any CPU.ActiveCfg = Debug|Any CPU
		{3258C087-E53A-13C1-C713-49C9729C9CB2}.Debug|Any CPU.Build.0 = Debug|Any CPU
		{3258C087-E53A-13C1-C713-49C9729C9CB2}.Release|Any CPU.ActiveCfg = Release|Any CPU
		{3258C087-E53A-13C1-C713-49C9729C9CB2}.Release|Any CPU.Build.0 = Release|Any CPU
		{58CC2D7B-FDD6-AC43-0A7B-5D934EAB1F7A}.Debug|Any CPU.ActiveCfg = Debug|Any CPU
		{58CC2D7B-FDD6-AC43-0A7B-5D934EAB1F7A}.Debug|Any CPU.Build.0 = Debug|Any CPU
		{58CC2D7B-FDD6-AC43-0A7B-5D934EAB1F7A}.Release|Any CPU.ActiveCfg = Release|Any CPU
		{58CC2D7B-FDD6-AC43-0A7B-5D934EAB1F7A}.Release|Any CPU.Build.0 = Release|Any CPU
		{769E9ED5-B6A2-8871-4E18-3C6403C199F4}.Debug|Any CPU.ActiveCfg = Debug|Any CPU
		{769E9ED5-B6A2-8871-4E18-3C6403C199F4}.Debug|Any CPU.Build.0 = Debug|Any CPU
		{769E9ED5-B6A2-8871-4E18-3C6403C199F4}.Release|Any CPU.ActiveCfg = Release|Any CPU
		{769E9ED5-B6A2-8871-4E18-3C6403C199F4}.Release|Any CPU.Build.0 = Release|Any CPU
	EndGlobalSection
	GlobalSection(SolutionProperties) = preSolution
		HideSolutionNode = FALSE
	EndGlobalSection
EndGlobal
